
Microsoft Visual Studio Solution File, Format Version 12.00
# Visual Studio Version 17
VisualStudioVersion = 17.0.31912.275
MinimumVisualStudioVersion = 10.0.40219.1
Project("{FAE04EC0-301F-11D3-BF4B-00C04F79EFBC}") = "NotificationService", "NotificationService\NotificationService.csproj", "{BB6CF492-906B-4F4F-ADF2-7DDA5AFE153C}"
EndProject
Global
	GlobalSection(SolutionConfigurationPlatforms) = preSolution
		Debug|Any CPU = Debug|Any CPU
		Release|Any CPU = Release|Any CPU
	EndGlobalSection
	GlobalSection(ProjectConfigurationPlatforms) = postSolution
		{BB6CF492-906B-4F4F-ADF2-7DDA5AFE153C}.Debug|Any CPU.ActiveCfg = Debug|Any CPU
		{BB6CF492-906B-4F4F-ADF2-7DDA5AFE153C}.Debug|Any CPU.Build.0 = Debug|Any CPU
		{BB6CF492-906B-4F4F-ADF2-7DDA5AFE153C}.Release|Any CPU.ActiveCfg = Release|Any CPU
		{BB6CF492-906B-4F4F-ADF2-7DDA5AFE153C}.Release|Any CPU.Build.0 = Release|Any CPU
	EndGlobalSection
	GlobalSection(SolutionProperties) = preSolution
		HideSolutionNode = FALSE
	EndGlobalSection
	GlobalSection(ExtensibilityGlobals) = postSolution
		SolutionGuid = {E0DE9BFB-6CF2-495A-BF0F-5953A00F63F9}
	EndGlobalSection
EndGlobal
